// !$*UTF8*$!
{
	archiveVersion = 1;
	classes = {
	};
	objectVersion = 77;
	objects = {

/* Begin PBXContainerItemProxy section */
		D6DFDE902EC761F000BF33E0 /* PBXContainerItemProxy */ = {
			isa = PBXContainerItemProxy;
			containerPortal = D6DFDE712EC761EF00BF33E0 /* Project object */;
			proxyType = 1;
			remoteGlobalIDString = D6DFDE782EC761EF00BF33E0;
			remoteInfo = UniRide;
		};
		D6DFDE9A2EC761F000BF33E0 /* PBXContainerItemProxy */ = {
			isa = PBXContainerItemProxy;
			containerPortal = D6DFDE712EC761EF00BF33E0 /* Project object */;
			proxyType = 1;
			remoteGlobalIDString = D6DFDE782EC761EF00BF33E0;
			remoteInfo = UniRide;
		};
/* End PBXContainerItemProxy section */

/* Begin PBXFileReference section */
		D6DFDE792EC761EF00BF33E0 /* UniRide.app */ = {isa = PBXFileReference; explicitFileType = wrapper.application; includeInIndex = 0; path = UniRide.app; sourceTree = BUILT_PRODUCTS_DIR; };
		D6DFDE8F2EC761F000BF33E0 /* UniRideTests.xctest */ = {isa = PBXFileReference; explicitFileType = wrapper.cfbundle; includeInIndex = 0; path = UniRideTests.xctest; sourceTree = BUILT_PRODUCTS_DIR; };
		D6DFDE992EC761F000BF33E0 /* UniRideUITests.xctest */ = {isa = PBXFileReference; explicitFileType = wrapper.cfbundle; includeInIndex = 0; path = UniRideUITests.xctest; sourceTree = BUILT_PRODUCTS_DIR; };
/* End PBXFileReference section */

/* Begin PBXFileSystemSynchronizedBuildFileExceptionSet section */
		9A58CBF42ED6DADA007E4D22 /* Exceptions for "UniRide" folder in "UniRide" target */ = {
			isa = PBXFileSystemSynchronizedBuildFileExceptionSet;
			membershipExceptions = (
				Info.plist,
			);
			target = D6DFDE782EC761EF00BF33E0 /* UniRide */;
		};
/* End PBXFileSystemSynchronizedBuildFileExceptionSet section */

/* Begin PBXFileSystemSynchronizedRootGroup section */
		D6DFDE7B2EC761EF00BF33E0 /* UniRide */ = {
			isa = PBXFileSystemSynchronizedRootGroup;
			exceptions = (
				9A58CBF42ED6DADA007E4D22 /* Exceptions for "UniRide" folder in "UniRide" target */,
			);
			path = UniRide;
			sourceTree = "<group>";
		};
		D6DFDE922EC761F000BF33E0 /* UniRideTests */ = {
			isa = PBXFileSystemSynchronizedRootGroup;
			path = UniRideTests;
			sourceTree = "<group>";
		};
		D6DFDE9C2EC761F000BF33E0 /* UniRideUITests */ = {
			isa = PBXFileSystemSynchronizedRootGroup;
			path = UniRideUITests;
			sourceTree = "<group>";
		};
/* End PBXFileSystemSynchronizedRootGroup section */

/* Begin PBXFrameworksBuildPhase section */
		D6DFDE762EC761EF00BF33E0 /* Frameworks */ = {
			isa = PBXFrameworksBuildPhase;
			buildActionMask = 2147483647;
			files = (
			);
			runOnlyForDeploymentPostprocessing = 0;
		};
		D6DFDE8C2EC761F000BF33E0 /* Frameworks */ = {
			isa = PBXFrameworksBuildPhase;
			buildActionMask = 2147483647;
			files = (
			);
			runOnlyForDeploymentPostprocessing = 0;
		};
		D6DFDE962EC761F000BF33E0 /* Frameworks */ = {
			isa = PBXFrameworksBuildPhase;
			buildActionMask = 2147483647;
			files = (
			);
			runOnlyForDeploymentPostprocessing = 0;
		};
/* End PBXFrameworksBuildPhase section */

/* Begin PBXGroup section */
		D6DFDE702EC761EF00BF33E0 = {
			isa = PBXGroup;
			children = (
				D6DFDE7B2EC761EF00BF33E0 /* UniRide */,
				D6DFDE922EC761F000BF33E0 /* UniRideTests */,
				D6DFDE9C2EC761F000BF33E0 /* UniRideUITests */,
				D6DFDE7A2EC761EF00BF33E0 /* Products */,
			);
			sourceTree = "<group>";
		};
		D6DFDE7A2EC761EF00BF33E0 /* Products */ = {
			isa = PBXGroup;
			children = (
				D6DFDE792EC761EF00BF33E0 /* UniRide.app */,
				D6DFDE8F2EC761F000BF33E0 /* UniRideTests.xctest */,
				D6DFDE992EC761F000BF33E0 /* UniRideUITests.xctest */,
			);
			name = Products;
			sourceTree = "<group>";
		};
/* End PBXGroup section */

/* Begin PBXNativeTarget section */
		D6DFDE782EC761EF00BF33E0 /* UniRide */ = {
			isa = PBXNativeTarget;
			buildConfigurationList = D6DFDEA22EC761F000BF33E0 /* Build configuration list for PBXNativeTarget "UniRide" */;
			buildPhases = (
				D6DFDE752EC761EF00BF33E0 /* Sources */,
				D6DFDE762EC761EF00BF33E0 /* Frameworks */,
				D6DFDE772EC761EF00BF33E0 /* Resources */,
			);
			buildRules = (
			);
			dependencies = (
			);
			fileSystemSynchronizedGroups = (
				D6DFDE7B2EC761EF00BF33E0 /* UniRide */,
			);
			name = UniRide;
			packageProductDependencies = (
			);
			productName = UniRide;
			productReference = D6DFDE792EC761EF00BF33E0 /* UniRide.app */;
			productType = "com.apple.product-type.application";
		};
		D6DFDE8E2EC761F000BF33E0 /* UniRideTests */ = {
			isa = PBXNativeTarget;
			buildConfigurationList = D6DFDEA72EC761F000BF33E0 /* Build configuration list for PBXNativeTarget "UniRideTests" */;
			buildPhases = (
				D6DFDE8B2EC761F000BF33E0 /* Sources */,
				D6DFDE8C2EC761F000BF33E0 /* Frameworks */,
				D6DFDE8D2EC761F000BF33E0 /* Resources */,
			);
			buildRules = (
			);
			dependencies = (
				D6DFDE912EC761F000BF33E0 /* PBXTargetDependency */,
			);
			fileSystemSynchronizedGroups = (
				D6DFDE922EC761F000BF33E0 /* UniRideTests */,
			);
			name = UniRideTests;
			packageProductDependencies = (
			);
			productName = UniRideTests;
			productReference = D6DFDE8F2EC761F000BF33E0 /* UniRideTests.xctest */;
			productType = "com.apple.product-type.bundle.unit-test";
		};
		D6DFDE982EC761F000BF33E0 /* UniRideUITests */ = {
			isa = PBXNativeTarget;
			buildConfigurationList = D6DFDEAA2EC761F000BF33E0 /* Build configuration list for PBXNativeTarget "UniRideUITests" */;
			buildPhases = (
				D6DFDE952EC761F000BF33E0 /* Sources */,
				D6DFDE962EC761F000BF33E0 /* Frameworks */,
				D6DFDE972EC761F000BF33E0 /* Resources */,
			);
			buildRules = (
			);
			dependencies = (
				D6DFDE9B2EC761F000BF33E0 /* PBXTargetDependency */,
			);
			fileSystemSynchronizedGroups = (
				D6DFDE9C2EC761F000BF33E0 /* UniRideUITests */,
			);
			name = UniRideUITests;
			packageProductDependencies = (
			);
			productName = UniRideUITests;
			productReference = D6DFDE992EC761F000BF33E0 /* UniRideUITests.xctest */;
			productType = "com.apple.product-type.bundle.ui-testing";
		};
/* End PBXNativeTarget section */

/* Begin PBXProject section */
		D6DFDE712EC761EF00BF33E0 /* Project object */ = {
			isa = PBXProject;
			attributes = {
				BuildIndependentTargetsInParallel = 1;
				LastSwiftUpdateCheck = 2600;
				LastUpgradeCheck = 2600;
				TargetAttributes = {
					D6DFDE782EC761EF00BF33E0 = {
						CreatedOnToolsVersion = 26.0.1;
					};
					D6DFDE8E2EC761F000BF33E0 = {
						CreatedOnToolsVersion = 26.0.1;
						TestTargetID = D6DFDE782EC761EF00BF33E0;
					};
					D6DFDE982EC761F000BF33E0 = {
						CreatedOnToolsVersion = 26.0.1;
						TestTargetID = D6DFDE782EC761EF00BF33E0;
					};
				};
			};
			buildConfigurationList = D6DFDE742EC761EF00BF33E0 /* Build configuration list for PBXProject "UniRide" */;
			developmentRegion = en;
			hasScannedForEncodings = 0;
			knownRegions = (
				en,
				Base,
			);
			mainGroup = D6DFDE702EC761EF00BF33E0;
			minimizedProjectReferenceProxies = 1;
			preferredProjectObjectVersion = 77;
			productRefGroup = D6DFDE7A2EC761EF00BF33E0 /* Products */;
			projectDirPath = "";
			projectRoot = "";
			targets = (
				D6DFDE782EC761EF00BF33E0 /* UniRide */,
				D6DFDE8E2EC761F000BF33E0 /* UniRideTests */,
				D6DFDE982EC761F000BF33E0 /* UniRideUITests */,
			);
		};
/* End PBXProject section */

/* Begin PBXResourcesBuildPhase section */
		D6DFDE772EC761EF00BF33E0 /* Resources */ = {
			isa = PBXResourcesBuildPhase;
			buildActionMask = 2147483647;
			files = (
			);
			runOnlyForDeploymentPostprocessing = 0;
		};
		D6DFDE8D2EC761F000BF33E0 /* Resources */ = {
			isa = PBXResourcesBuildPhase;
			buildActionMask = 2147483647;
			files = (
			);
			runOnlyForDeploymentPostprocessing = 0;
		};
		D6DFDE972EC761F000BF33E0 /* Resources */ = {
			isa = PBXResourcesBuildPhase;
			buildActionMask = 2147483647;
			files = (
			);
			runOnlyForDeploymentPostprocessing = 0;
		};
/* End PBXResourcesBuildPhase section */

/* Begin PBXSourcesBuildPhase section */
		D6DFDE752EC761EF00BF33E0 /* Sources */ = {
			isa = PBXSourcesBuildPhase;
			buildActionMask = 2147483647;
			files = (
			);
			runOnlyForDeploymentPostprocessing = 0;
		};
		D6DFDE8B2EC761F000BF33E0 /* Sources */ = {
			isa = PBXSourcesBuildPhase;
			buildActionMask = 2147483647;
			files = (
			);
			runOnlyForDeploymentPostprocessing = 0;
		};
		D6DFDE952EC761F000BF33E0 /* Sources */ = {
			isa = PBXSourcesBuildPhase;
			buildActionMask = 2147483647;
			files = (
			);
			runOnlyForDeploymentPostprocessing = 0;
		};
/* End PBXSourcesBuildPhase section */

/* Begin PBXTargetDependency section */
		D6DFDE912EC761F000BF33E0 /* PBXTargetDependency */ = {
			isa = PBXTargetDependency;
			target = D6DFDE782EC761EF00BF33E0 /* UniRide */;
			targetProxy = D6DFDE902EC761F000BF33E0 /* PBXContainerItemProxy */;
		};
		D6DFDE9B2EC761F000BF33E0 /* PBXTargetDependency */ = {
			isa = PBXTargetDependency;
			target = D6DFDE782EC761EF00BF33E0 /* UniRide */;
			targetProxy = D6DFDE9A2EC761F000BF33E0 /* PBXContainerItemProxy */;
		};
/* End PBXTargetDependency section */

/* Begin XCBuildConfiguration section */
		D6DFDEA32EC761F000BF33E0 /* Debug */ = {
			isa = XCBuildConfiguration;
			buildSettings = {
				ASSETCATALOG_COMPILER_APPICON_NAME = AppIcon;
				ASSETCATALOG_COMPILER_GLOBAL_ACCENT_COLOR_NAME = AccentColor;
				CODE_SIGN_STYLE = Automatic;
				CURRENT_PROJECT_VERSION = 1;
				DEVELOPMENT_TEAM = G64WHN56FH;
				GENERATE_INFOPLIST_FILE = YES;
				INFOPLIST_FILE = UniRide/Info.plist;
				INFOPLIST_KEY_NSLocationWhenInUseUsageDescription = "UniRide needs your location to show nearby rides.\n";
				INFOPLIST_KEY_UIApplicationSupportsIndirectInputEvents = YES;
				INFOPLIST_KEY_UILaunchStoryboardName = LaunchScreen;
				INFOPLIST_KEY_UIMainStoryboardFile = Main;
				INFOPLIST_KEY_UISupportedInterfaceOrientations_iPad = UIInterfaceOrientationPortrait;
				INFOPLIST_KEY_UISupportedInterfaceOrientations_iPhone = UIInterfaceOrientationPortrait;
				IPHONEOS_DEPLOYMENT_TARGET = 18.0;
				LD_RUNPATH_SEARCH_PATHS = (
					"$(inherited)",
					"@executable_path/Frameworks",
				);
				MARKETING_VERSION = 1.0;
				PRODUCT_BUNDLE_IDENTIFIER = krish.UniRide;
				PRODUCT_NAME = "$(TARGET_NAME)";
				STRING_CATALOG_GENERATE_SYMBOLS = YES;
				SWIFT_APPROACHABLE_CONCURRENCY = YES;
				SWIFT_DEFAULT_ACTOR_ISOLATION = MainActor;
				SWIFT_EMIT_LOC_STRINGS = YES;
				SWIFT_UPCOMING_FEATURE_MEMBER_IMPORT_VISIBILITY = YES;
				SWIFT_VERSION = 5.0;
				TARGETED_DEVICE_FAMILY = "1,2";
			};
			name = Debug;
		};
		D6DFDEA42EC761F000BF33E0 /* Release */ = {
			isa = XCBuildConfiguration;
			buildSettings = {
				ASSETCATALOG_COMPILER_APPICON_NAME = AppIcon;
				ASSETCATALOG_COMPILER_GLOBAL_ACCENT_COLOR_NAME = AccentColor;
				CODE_SIGN_STYLE = Automatic;
				CURRENT_PROJECT_VERSION = 1;
				DEVELOPMENT_TEAM = G64WHN56FH;
				GENERATE_INFOPLIST_FILE = YES;
				INFOPLIST_FILE = UniRide/Info.plist;
				INFOPLIST_KEY_NSLocationWhenInUseUsageDescription = "UniRide needs your location to show nearby rides.\n";
				INFOPLIST_KEY_UIApplicationSupportsIndirectInputEvents = YES;
				INFOPLIST_KEY_UILaunchStoryboardName = LaunchScreen;
				INFOPLIST_KEY_UIMainStoryboardFile = Main;
				INFOPLIST_KEY_UISupportedInterfaceOrientations_iPad = UIInterfaceOrientationPortrait;
				INFOPLIST_KEY_UISupportedInterfaceOrientations_iPhone = UIInterfaceOrientationPortrait;
				IPHONEOS_DEPLOYMENT_TARGET = 18.0;
				LD_RUNPATH_SEARCH_PATHS = (
					"$(inherited)",
					"@executable_path/Frameworks",
				);
				MARKETING_VERSION = 1.0;
				PRODUCT_BUNDLE_IDENTIFIER = krish.UniRide;
				PRODUCT_NAME = "$(TARGET_NAME)";
				STRING_CATALOG_GENERATE_SYMBOLS = YES;
				SWIFT_APPROACHABLE_CONCURRENCY = YES;
				SWIFT_DEFAULT_ACTOR_ISOLATION = MainActor;
				SWIFT_EMIT_LOC_STRINGS = YES;
				SWIFT_UPCOMING_FEATURE_MEMBER_IMPORT_VISIBILITY = YES;
				SWIFT_VERSION = 5.0;
				TARGETED_DEVICE_FAMILY = "1,2";
			};
			name = Release;
		};
		D6DFDEA52EC761F000BF33E0 /* Debug */ = {
			isa = XCBuildConfiguration;
			buildSettings = {
				ALWAYS_SEARCH_USER_PATHS = NO;
				ASSETCATALOG_COMPILER_GENERATE_SWIFT_ASSET_SYMBOL_EXTENSIONS = YES;
				CLANG_ANALYZER_NONNULL = YES;
				CLANG_ANALYZER_NUMBER_OBJECT_CONVERSION = YES_AGGRESSIVE;
				CLANG_CXX_LANGUAGE_STANDARD = "gnu++20";
				CLANG_ENABLE_MODULES = YES;
				CLANG_ENABLE_OBJC_ARC = YES;
				CLANG_ENABLE_OBJC_WEAK = YES;
				CLANG_WARN_BLOCK_CAPTURE_AUTORELEASING = YES;
				CLANG_WARN_BOOL_CONVERSION = YES;
				CLANG_WARN_COMMA = YES;
				CLANG_WARN_CONSTANT_CONVERSION = YES;
				CLANG_WARN_DEPRECATED_OBJC_IMPLEMENTATIONS = YES;
				CLANG_WARN_DIRECT_OBJC_ISA_USAGE = YES_ERROR;
				CLANG_WARN_DOCUMENTATION_COMMENTS = YES;
				CLANG_WARN_EMPTY_BODY = YES;
				CLANG_WARN_ENUM_CONVERSION = YES;
				CLANG_WARN_INFINITE_RECURSION = YES;
				CLANG_WARN_INT_CONVERSION = YES;
				CLANG_WARN_NON_LITERAL_NULL_CONVERSION = YES;
				CLANG_WARN_OBJC_IMPLICIT_RETAIN_SELF = YES;
				CLANG_WARN_OBJC_LITERAL_CONVERSION = YES;
				CLANG_WARN_OBJC_ROOT_CLASS = YES_ERROR;
				CLANG_WARN_QUOTED_INCLUDE_IN_FRAMEWORK_HEADER = YES;
				CLANG_WARN_RANGE_LOOP_ANALYSIS = YES;
				CLANG_WARN_STRICT_PROTOTYPES = YES;
				CLANG_WARN_SUSPICIOUS_MOVE = YES;
				CLANG_WARN_UNGUARDED_AVAILABILITY = YES_AGGRESSIVE;
				CLANG_WARN_UNREACHABLE_CODE = YES;
				CLANG_WARN__DUPLICATE_METHOD_MATCH = YES;
				COPY_PHASE_STRIP = NO;
				DEBUG_INFORMATION_FORMAT = dwarf;
				ENABLE_STRICT_OBJC_MSGSEND = YES;
				ENABLE_TESTABILITY = YES;
				ENABLE_USER_SCRIPT_SANDBOXING = YES;
				GCC_C_LANGUAGE_STANDARD = gnu17;
				GCC_DYNAMIC_NO_PIC = NO;
				GCC_NO_COMMON_BLOCKS = YES;
				GCC_OPTIMIZATION_LEVEL = 0;
				GCC_PREPROCESSOR_DEFINITIONS = (
					"DEBUG=1",
					"$(inherited)",
				);
				GCC_WARN_64_TO_32_BIT_CONVERSION = YES;
				GCC_WARN_ABOUT_RETURN_TYPE = YES_ERROR;
				GCC_WARN_UNDECLARED_SELECTOR = YES;
				GCC_WARN_UNINITIALIZED_AUTOS = YES_AGGRESSIVE;
				GCC_WARN_UNUSED_FUNCTION = YES;
				GCC_WARN_UNUSED_VARIABLE = YES;
				IPHONEOS_DEPLOYMENT_TARGET = 26.0;
				LOCALIZATION_PREFERS_STRING_CATALOGS = YES;
				MTL_ENABLE_DEBUG_INFO = INCLUDE_SOURCE;
				MTL_FAST_MATH = YES;
				ONLY_ACTIVE_ARCH = YES;
				SDKROOT = iphoneos;
				SWIFT_ACTIVE_COMPILATION_CONDITIONS = "DEBUG $(inherited)";
				SWIFT_OPTIMIZATION_LEVEL = "-Onone";
			};
			name = Debug;
		};
		D6DFDEA62EC761F000BF33E0 /* Release */ = {
			isa = XCBuildConfiguration;
			buildSettings = {
				ALWAYS_SEARCH_USER_PATHS = NO;
				ASSETCATALOG_COMPILER_GENERATE_SWIFT_ASSET_SYMBOL_EXTENSIONS = YES;
				CLANG_ANALYZER_NONNULL = YES;
				CLANG_ANALYZER_NUMBER_OBJECT_CONVERSION = YES_AGGRESSIVE;
				CLANG_CXX_LANGUAGE_STANDARD = "gnu++20";
				CLANG_ENABLE_MODULES = YES;
				CLANG_ENABLE_OBJC_ARC = YES;
				CLANG_ENABLE_OBJC_WEAK = YES;
				CLANG_WARN_BLOCK_CAPTURE_AUTORELEASING = YES;
				CLANG_WARN_BOOL_CONVERSION = YES;
				CLANG_WARN_COMMA = YES;
				CLANG_WARN_CONSTANT_CONVERSION = YES;
				CLANG_WARN_DEPRECATED_OBJC_IMPLEMENTATIONS = YES;
				CLANG_WARN_DIRECT_OBJC_ISA_USAGE = YES_ERROR;
				CLANG_WARN_DOCUMENTATION_COMMENTS = YES;
				CLANG_WARN_EMPTY_BODY = YES;
				CLANG_WARN_ENUM_CONVERSION = YES;
				CLANG_WARN_INFINITE_RECURSION = YES;
				CLANG_WARN_INT_CONVERSION = YES;
				CLANG_WARN_NON_LITERAL_NULL_CONVERSION = YES;
				CLANG_WARN_OBJC_IMPLICIT_RETAIN_SELF = YES;
				CLANG_WARN_OBJC_LITERAL_CONVERSION = YES;
				CLANG_WARN_OBJC_ROOT_CLASS = YES_ERROR;
				CLANG_WARN_QUOTED_INCLUDE_IN_FRAMEWORK_HEADER = YES;
				CLANG_WARN_RANGE_LOOP_ANALYSIS = YES;
				CLANG_WARN_STRICT_PROTOTYPES = YES;
				CLANG_WARN_SUSPICIOUS_MOVE = YES;
				CLANG_WARN_UNGUARDED_AVAILABILITY = YES_AGGRESSIVE;
				CLANG_WARN_UNREACHABLE_CODE = YES;
				CLANG_WARN__DUPLICATE_METHOD_MATCH = YES;
				COPY_PHASE_STRIP = NO;
				DEBUG_INFORMATION_FORMAT = "dwarf-with-dsym";
				ENABLE_NS_ASSERTIONS = NO;
				ENABLE_STRICT_OBJC_MSGSEND = YES;
				ENABLE_USER_SCRIPT_SANDBOXING = YES;
				GCC_C_LANGUAGE_STANDARD = gnu17;
				GCC_NO_COMMON_BLOCKS = YES;
				GCC_WARN_64_TO_32_BIT_CONVERSION = YES;
				GCC_WARN_ABOUT_RETURN_TYPE = YES_ERROR;
				GCC_WARN_UNDECLARED_SELECTOR = YES;
				GCC_WARN_UNINITIALIZED_AUTOS = YES_AGGRESSIVE;
				GCC_WARN_UNUSED_FUNCTION = YES;
				GCC_WARN_UNUSED_VARIABLE = YES;
				IPHONEOS_DEPLOYMENT_TARGET = 26.0;
				LOCALIZATION_PREFERS_STRING_CATALOGS = YES;
				MTL_ENABLE_DEBUG_INFO = NO;
				MTL_FAST_MATH = YES;
				SDKROOT = iphoneos;
				SWIFT_COMPILATION_MODE = wholemodule;
				VALIDATE_PRODUCT = YES;
			};
			name = Release;
		};
		D6DFDEA82EC761F000BF33E0 /* Debug */ = {
			isa = XCBuildConfiguration;
			buildSettings = {
				BUNDLE_LOADER = "$(TEST_HOST)";
				CODE_SIGN_STYLE = Automatic;
				CURRENT_PROJECT_VERSION = 1;
				GENERATE_INFOPLIST_FILE = YES;
				IPHONEOS_DEPLOYMENT_TARGET = 26.0;
				MARKETING_VERSION = 1.0;
				PRODUCT_BUNDLE_IDENTIFIER = krish.UniRideTests;
				PRODUCT_NAME = "$(TARGET_NAME)";
				STRING_CATALOG_GENERATE_SYMBOLS = NO;
				SWIFT_APPROACHABLE_CONCURRENCY = YES;
				SWIFT_EMIT_LOC_STRINGS = NO;
				SWIFT_UPCOMING_FEATURE_MEMBER_IMPORT_VISIBILITY = YES;
				SWIFT_VERSION = 5.0;
				TARGETED_DEVICE_FAMILY = "1,2";
				TEST_HOST = "$(BUILT_PRODUCTS_DIR)/UniRide.app/$(BUNDLE_EXECUTABLE_FOLDER_PATH)/UniRide";
			};
			name = Debug;
		};
		D6DFDEA92EC761F000BF33E0 /* Release */ = {
			isa = XCBuildConfiguration;
			buildSettings = {
				BUNDLE_LOADER = "$(TEST_HOST)";
				CODE_SIGN_STYLE = Automatic;
				CURRENT_PROJECT_VERSION = 1;
				GENERATE_INFOPLIST_FILE = YES;
				IPHONEOS_DEPLOYMENT_TARGET = 26.0;
				MARKETING_VERSION = 1.0;
				PRODUCT_BUNDLE_IDENTIFIER = krish.UniRideTests;
				PRODUCT_NAME = "$(TARGET_NAME)";
				STRING_CATALOG_GENERATE_SYMBOLS = NO;
				SWIFT_APPROACHABLE_CONCURRENCY = YES;
				SWIFT_EMIT_LOC_STRINGS = NO;
				SWIFT_UPCOMING_FEATURE_MEMBER_IMPORT_VISIBILITY = YES;
				SWIFT_VERSION = 5.0;
				TARGETED_DEVICE_FAMILY = "1,2";
				TEST_HOST = "$(BUILT_PRODUCTS_DIR)/UniRide.app/$(BUNDLE_EXECUTABLE_FOLDER_PATH)/UniRide";
			};
			name = Release;
		};
		D6DFDEAB2EC761F000BF33E0 /* Debug */ = {
			isa = XCBuildConfiguration;
			buildSettings = {
				CODE_SIGN_STYLE = Automatic;
				CURRENT_PROJECT_VERSION = 1;
				GENERATE_INFOPLIST_FILE = YES;
				MARKETING_VERSION = 1.0;
				PRODUCT_BUNDLE_IDENTIFIER = krish.UniRideUITests;
				PRODUCT_NAME = "$(TARGET_NAME)";
				STRING_CATALOG_GENERATE_SYMBOLS = NO;
				SWIFT_APPROACHABLE_CONCURRENCY = YES;
				SWIFT_EMIT_LOC_STRINGS = NO;
				SWIFT_UPCOMING_FEATURE_MEMBER_IMPORT_VISIBILITY = YES;
				SWIFT_VERSION = 5.0;
				TARGETED_DEVICE_FAMILY = "1,2";
				TEST_TARGET_NAME = UniRide;
			};
			name = Debug;
		};
		D6DFDEAC2EC761F000BF33E0 /* Release */ = {
			isa = XCBuildConfiguration;
			buildSettings = {
				CODE_SIGN_STYLE = Automatic;
				CURRENT_PROJECT_VERSION = 1;
				GENERATE_INFOPLIST_FILE = YES;
				MARKETING_VERSION = 1.0;
				PRODUCT_BUNDLE_IDENTIFIER = krish.UniRideUITests;
				PRODUCT_NAME = "$(TARGET_NAME)";
				STRING_CATALOG_GENERATE_SYMBOLS = NO;
				SWIFT_APPROACHABLE_CONCURRENCY = YES;
				SWIFT_EMIT_LOC_STRINGS = NO;
				SWIFT_UPCOMING_FEATURE_MEMBER_IMPORT_VISIBILITY = YES;
				SWIFT_VERSION = 5.0;
				TARGETED_DEVICE_FAMILY = "1,2";
				TEST_TARGET_NAME = UniRide;
			};
			name = Release;
		};
/* End XCBuildConfiguration section */

/* Begin XCConfigurationList section */
		D6DFDE742EC761EF00BF33E0 /* Build configuration list for PBXProject "UniRide" */ = {
			isa = XCConfigurationList;
			buildConfigurations = (
				D6DFDEA52EC761F000BF33E0 /* Debug */,
				D6DFDEA62EC761F000BF33E0 /* Release */,
			);
			defaultConfigurationIsVisible = 0;
			defaultConfigurationName = Release;
		};
		D6DFDEA22EC761F000BF33E0 /* Build configuration list for PBXNativeTarget "UniRide" */ = {
			isa = XCConfigurationList;
			buildConfigurations = (
				D6DFDEA32EC761F000BF33E0 /* Debug */,
				D6DFDEA42EC761F000BF33E0 /* Release */,
			);
			defaultConfigurationIsVisible = 0;
			defaultConfigurationName = Release;
		};
		D6DFDEA72EC761F000BF33E0 /* Build configuration list for PBXNativeTarget "UniRideTests" */ = {
			isa = XCConfigurationList;
			buildConfigurations = (
				D6DFDEA82EC761F000BF33E0 /* Debug */,
				D6DFDEA92EC761F000BF33E0 /* Release */,
			);
			defaultConfigurationIsVisible = 0;
			defaultConfigurationName = Release;
		};
		D6DFDEAA2EC761F000BF33E0 /* Build configuration list for PBXNativeTarget "UniRideUITests" */ = {
			isa = XCConfigurationList;
			buildConfigurations = (
				D6DFDEAB2EC761F000BF33E0 /* Debug */,
				D6DFDEAC2EC761F000BF33E0 /* Release */,
			);
			defaultConfigurationIsVisible = 0;
			defaultConfigurationName = Release;
		};
/* End XCConfigurationList section */
	};
	rootObject = D6DFDE712EC761EF00BF33E0 /* Project object */;
}
